
Microsoft Visual Studio Solution File, Format Version 12.00
# Visual Studio Version 17
VisualStudioVersion = 17.4.33213.308
MinimumVisualStudioVersion = 10.0.40219.1
Project("{2150E333-8FDC-42A3-9474-1A3956D46DE8}") = "src", "src", "{F355E923-A7D8-4643-939C-E0858F96A25A}"
EndProject
Project("{9A19103F-16F7-4668-BE54-9A1E7A4F7556}") = "Epiksoft.Results", "src\Epiksoft.Result\Epiksoft.Results.csproj", "{874F8AD6-B704-46B8-BFBD-74C9DF6AC6A9}"
EndProject
Project("{2150E333-8FDC-42A3-9474-1A3956D46DE8}") = "tests", "tests", "{5E7989C1-A120-4500-9313-043A2FDA4442}"
EndProject
Project("{9A19103F-16F7-4668-BE54-9A1E7A4F7556}") = "Epiksoft.Results.Tests", "tests\Epiksoft.Result.Tests\Epiksoft.Results.Tests.csproj", "{8EE1671A-87E2-4161-9B88-783601CD713F}"
EndProject
Project("{2150E333-8FDC-42A3-9474-1A3956D46DE8}") = "samples", "samples", "{041ABAD7-9294-42F7-9F21-4A422D5710B5}"
EndProject
Project("{FAE04EC0-301F-11D3-BF4B-00C04F79EFBC}") = "Epiksoft.Results.Samples.API", "samples\Epiksoft.Results.Samples.API\Epiksoft.Results.Samples.API.csproj", "{2890914B-1741-4996-B427-564683D683A6}"
EndProject
Global
	GlobalSection(SolutionConfigurationPlatforms) = preSolution
		Debug|Any CPU = Debug|Any CPU
		Release|Any CPU = Release|Any CPU
	EndGlobalSection
	GlobalSection(ProjectConfigurationPlatforms) = postSolution
		{874F8AD6-B704-46B8-BFBD-74C9DF6AC6A9}.Debug|Any CPU.ActiveCfg = Debug|Any CPU
		{874F8AD6-B704-46B8-BFBD-74C9DF6AC6A9}.Debug|Any CPU.Build.0 = Debug|Any CPU
		{874F8AD6-B704-46B8-BFBD-74C9DF6AC6A9}.Release|Any CPU.ActiveCfg = Release|Any CPU
		{874F8AD6-B704-46B8-BFBD-74C9DF6AC6A9}.Release|Any CPU.Build.0 = Release|Any CPU
		{8EE1671A-87E2-4161-9B88-783601CD713F}.Debug|Any CPU.ActiveCfg = Debug|Any CPU
		{8EE1671A-87E2-4161-9B88-783601CD713F}.Debug|Any CPU.Build.0 = Debug|Any CPU
		{8EE1671A-87E2-4161-9B88-783601CD713F}.Release|Any CPU.ActiveCfg = Release|Any CPU
		{8EE1671A-87E2-4161-9B88-783601CD713F}.Release|Any CPU.Build.0 = Release|Any CPU
		{2890914B-1741-4996-B427-564683D683A6}.Debug|Any CPU.ActiveCfg = Debug|Any CPU
		{2890914B-1741-4996-B427-564683D683A6}.Debug|Any CPU.Build.0 = Debug|Any CPU
		{2890914B-1741-4996-B427-564683D683A6}.Release|Any CPU.ActiveCfg = Release|Any CPU
		{2890914B-1741-4996-B427-564683D683A6}.Release|Any CPU.Build.0 = Release|Any CPU
	EndGlobalSection
	GlobalSection(SolutionProperties) = preSolution
		HideSolutionNode = FALSE
	EndGlobalSection
	GlobalSection(NestedProjects) = preSolution
		{874F8AD6-B704-46B8-BFBD-74C9DF6AC6A9} = {F355E923-A7D8-4643-939C-E0858F96A25A}
		{8EE1671A-87E2-4161-9B88-783601CD713F} = {5E7989C1-A120-4500-9313-043A2FDA4442}
		{2890914B-1741-4996-B427-564683D683A6} = {041ABAD7-9294-42F7-9F21-4A422D5710B5}
	EndGlobalSection
	GlobalSection(ExtensibilityGlobals) = postSolution
		SolutionGuid = {1D0DCE5F-E6A3-4532-9771-2539597EB9E9}
	EndGlobalSection
EndGlobal
